
Microsoft Visual Studio Solution File, Format Version 12.00
# Visual Studio Version 16
VisualStudioVersion = 25.0.1706.14
MinimumVisualStudioVersion = 10.0.40219.1
Project("{FAE04EC0-301F-11D3-BF4B-00C04F79EFBC}") = "Tutorial6Ex2", "Tutorial6Ex2\Tutorial6Ex2.csproj", "{E003C578-9131-40E6-8348-91F261ED6C63}"
EndProject
Global
	GlobalSection(SolutionConfigurationPlatforms) = preSolution
		Debug|Any CPU = Debug|Any CPU
		Release|Any CPU = Release|Any CPU
	EndGlobalSection
	GlobalSection(ProjectConfigurationPlatforms) = postSolution
		{E003C578-9131-40E6-8348-91F261ED6C63}.Debug|Any CPU.ActiveCfg = Debug|Any CPU
		{E003C578-9131-40E6-8348-91F261ED6C63}.Debug|Any CPU.Build.0 = Debug|Any CPU
		{E003C578-9131-40E6-8348-91F261ED6C63}.Release|Any CPU.ActiveCfg = Release|Any CPU
		{E003C578-9131-40E6-8348-91F261ED6C63}.Release|Any CPU.Build.0 = Release|Any CPU
	EndGlobalSection
	GlobalSection(SolutionProperties) = preSolution
		HideSolutionNode = FALSE
	EndGlobalSection
	GlobalSection(ExtensibilityGlobals) = postSolution
		SolutionGuid = {CA0F1907-C4FE-4184-97B3-E198020229FB}
	EndGlobalSection
EndGlobal
